// !$*UTF8*$!
{
	archiveVersion = 1;
	classes = {
	};
	objectVersion = 46;
	objects = {

/* Begin PBXBuildFile section */
		3E8168CD1E67241300FA5D9C /* CollectionHeaderView.xib in Resources */ = {isa = PBXBuildFile; fileRef = 3E8168CC1E67241300FA5D9C /* CollectionHeaderView.xib */; };
		3EA72B401E5CDC9A00202268 /* Home.storyboard in Resources */ = {isa = PBXBuildFile; fileRef = 3EA72B3F1E5CDC9A00202268 /* Home.storyboard */; };
		3EA72B421E5CDE3C00202268 /* Live.storyboard in Resources */ = {isa = PBXBuildFile; fileRef = 3EA72B411E5CDE3C00202268 /* Live.storyboard */; };
		3EA72B441E5CDEEC00202268 /* Follow.storyboard in Resources */ = {isa = PBXBuildFile; fileRef = 3EA72B431E5CDEEC00202268 /* Follow.storyboard */; };
		3EA72B461E5CDF1000202268 /* Profile.storyboard in Resources */ = {isa = PBXBuildFile; fileRef = 3EA72B451E5CDF1000202268 /* Profile.storyboard */; };
		3EA72B481E5CDF7E00202268 /* MainViewController.swift in Sources */ = {isa = PBXBuildFile; fileRef = 3EA72B471E5CDF7E00202268 /* MainViewController.swift */; };
		3EA72B4A1E5DA1AC00202268 /* HomeViewController.swift in Sources */ = {isa = PBXBuildFile; fileRef = 3EA72B491E5DA1AC00202268 /* HomeViewController.swift */; };
		3EA72B4D1E5DA49D00202268 /* UIBarButtonItem-extension.swift in Sources */ = {isa = PBXBuildFile; fileRef = 3EA72B4C1E5DA49D00202268 /* UIBarButtonItem-extension.swift */; };
		3EA72B4F1E5DF42A00202268 /* PageTitleView.swift in Sources */ = {isa = PBXBuildFile; fileRef = 3EA72B4E1E5DF42A00202268 /* PageTitleView.swift */; };
		3EA72B511E5E740900202268 /* UIColor-extension.swift in Sources */ = {isa = PBXBuildFile; fileRef = 3EA72B501E5E740900202268 /* UIColor-extension.swift */; };
		3EA72B531E5E7F5900202268 /* Common.swift in Sources */ = {isa = PBXBuildFile; fileRef = 3EA72B521E5E7F5900202268 /* Common.swift */; };
		3EA72B551E5EE0E700202268 /* PageContentView.swift in Sources */ = {isa = PBXBuildFile; fileRef = 3EA72B541E5EE0E700202268 /* PageContentView.swift */; };
		3EA72B571E606DC600202268 /* RecommendViewController.swift in Sources */ = {isa = PBXBuildFile; fileRef = 3EA72B561E606DC600202268 /* RecommendViewController.swift */; };
		3EA72B5D1E61A13000202268 /* CollectionHeaderView.swift in Sources */ = {isa = PBXBuildFile; fileRef = 3EA72B5C1E61A13000202268 /* CollectionHeaderView.swift */; };
		3EA72B601E61CB8800202268 /* CollectionNormalCell.swift in Sources */ = {isa = PBXBuildFile; fileRef = 3EA72B5E1E61CB8800202268 /* CollectionNormalCell.swift */; };
		3EA72B611E61CB8800202268 /* CollectionNormalCell.xib in Resources */ = {isa = PBXBuildFile; fileRef = 3EA72B5F1E61CB8800202268 /* CollectionNormalCell.xib */; };
		3EA72B631E61D63C00202268 /* CollectionPrettyCell.swift in Sources */ = {isa = PBXBuildFile; fileRef = 3EA72B621E61D63C00202268 /* CollectionPrettyCell.swift */; };
		3EA72B651E61D64600202268 /* CollectionPrettyCell.xib in Resources */ = {isa = PBXBuildFile; fileRef = 3EA72B641E61D64600202268 /* CollectionPrettyCell.xib */; };
		3EA72B671E62A30100202268 /* NetworkTools.swift in Sources */ = {isa = PBXBuildFile; fileRef = 3EA72B661E62A30100202268 /* NetworkTools.swift */; };
		3EA72B691E656CAB00202268 /* AnchorGroup.swift in Sources */ = {isa = PBXBuildFile; fileRef = 3EA72B681E656CAB00202268 /* AnchorGroup.swift */; };
		3EA72B6B1E656EED00202268 /* AnchorModel.swift in Sources */ = {isa = PBXBuildFile; fileRef = 3EA72B6A1E656EED00202268 /* AnchorModel.swift */; };
		3EF04C671E5CABFE00150329 /* AppDelegate.swift in Sources */ = {isa = PBXBuildFile; fileRef = 3EF04C661E5CABFE00150329 /* AppDelegate.swift */; };
		3EF04C6C1E5CABFE00150329 /* Main.storyboard in Resources */ = {isa = PBXBuildFile; fileRef = 3EF04C6A1E5CABFE00150329 /* Main.storyboard */; };
		3EF04C6E1E5CABFE00150329 /* Assets.xcassets in Resources */ = {isa = PBXBuildFile; fileRef = 3EF04C6D1E5CABFE00150329 /* Assets.xcassets */; };
		3EF04C711E5CABFE00150329 /* LaunchScreen.storyboard in Resources */ = {isa = PBXBuildFile; fileRef = 3EF04C6F1E5CABFE00150329 /* LaunchScreen.storyboard */; };
		D58231CADC53D8F92CAA1FC9 /* Pods_DYZB.framework in Frameworks */ = {isa = PBXBuildFile; fileRef = A02A179B84415387C984CAC7 /* Pods_DYZB.framework */; };
/* End PBXBuildFile section */

/* Begin PBXFileReference section */
		15F8927EF68F6330F023E365 /* Pods-DYZB.debug.xcconfig */ = {isa = PBXFileReference; includeInIndex = 1; lastKnownFileType = text.xcconfig; name = "Pods-DYZB.debug.xcconfig"; path = "Pods/Target Support Files/Pods-DYZB/Pods-DYZB.debug.xcconfig"; sourceTree = "<group>"; };
		3E8168CC1E67241300FA5D9C /* CollectionHeaderView.xib */ = {isa = PBXFileReference; fileEncoding = 4; lastKnownFileType = file.xib; path = CollectionHeaderView.xib; sourceTree = "<group>"; };
		3EA72B3F1E5CDC9A00202268 /* Home.storyboard */ = {isa = PBXFileReference; fileEncoding = 4; lastKnownFileType = file.storyboard; path = Home.storyboard; sourceTree = "<group>"; };
		3EA72B411E5CDE3C00202268 /* Live.storyboard */ = {isa = PBXFileReference; fileEncoding = 4; lastKnownFileType = file.storyboard; path = Live.storyboard; sourceTree = "<group>"; };
		3EA72B431E5CDEEC00202268 /* Follow.storyboard */ = {isa = PBXFileReference; fileEncoding = 4; lastKnownFileType = file.storyboard; path = Follow.storyboard; sourceTree = "<group>"; };
		3EA72B451E5CDF1000202268 /* Profile.storyboard */ = {isa = PBXFileReference; fileEncoding = 4; lastKnownFileType = file.storyboard; path = Profile.storyboard; sourceTree = "<group>"; };
		3EA72B471E5CDF7E00202268 /* MainViewController.swift */ = {isa = PBXFileReference; fileEncoding = 4; lastKnownFileType = sourcecode.swift; path = MainViewController.swift; sourceTree = "<group>"; };
		3EA72B491E5DA1AC00202268 /* HomeViewController.swift */ = {isa = PBXFileReference; fileEncoding = 4; lastKnownFileType = sourcecode.swift; path = HomeViewController.swift; sourceTree = "<group>"; };
		3EA72B4C1E5DA49D00202268 /* UIBarButtonItem-extension.swift */ = {isa = PBXFileReference; fileEncoding = 4; lastKnownFileType = sourcecode.swift; path = "UIBarButtonItem-extension.swift"; sourceTree = "<group>"; };
		3EA72B4E1E5DF42A00202268 /* PageTitleView.swift */ = {isa = PBXFileReference; fileEncoding = 4; lastKnownFileType = sourcecode.swift; path = PageTitleView.swift; sourceTree = "<group>"; };
		3EA72B501E5E740900202268 /* UIColor-extension.swift */ = {isa = PBXFileReference; fileEncoding = 4; lastKnownFileType = sourcecode.swift; path = "UIColor-extension.swift"; sourceTree = "<group>"; };
		3EA72B521E5E7F5900202268 /* Common.swift */ = {isa = PBXFileReference; fileEncoding = 4; lastKnownFileType = sourcecode.swift; name = Common.swift; path = Extensions/Common.swift; sourceTree = "<group>"; };
		3EA72B541E5EE0E700202268 /* PageContentView.swift */ = {isa = PBXFileReference; fileEncoding = 4; lastKnownFileType = sourcecode.swift; path = PageContentView.swift; sourceTree = "<group>"; };
		3EA72B561E606DC600202268 /* RecommendViewController.swift */ = {isa = PBXFileReference; fileEncoding = 4; lastKnownFileType = sourcecode.swift; path = RecommendViewController.swift; sourceTree = "<group>"; };
		3EA72B5C1E61A13000202268 /* CollectionHeaderView.swift */ = {isa = PBXFileReference; fileEncoding = 4; lastKnownFileType = sourcecode.swift; path = CollectionHeaderView.swift; sourceTree = "<group>"; };
		3EA72B5E1E61CB8800202268 /* CollectionNormalCell.swift */ = {isa = PBXFileReference; fileEncoding = 4; lastKnownFileType = sourcecode.swift; path = CollectionNormalCell.swift; sourceTree = "<group>"; };
		3EA72B5F1E61CB8800202268 /* CollectionNormalCell.xib */ = {isa = PBXFileReference; fileEncoding = 4; lastKnownFileType = file.xib; path = CollectionNormalCell.xib; sourceTree = "<group>"; };
		3EA72B621E61D63C00202268 /* CollectionPrettyCell.swift */ = {isa = PBXFileReference; fileEncoding = 4; lastKnownFileType = sourcecode.swift; path = CollectionPrettyCell.swift; sourceTree = "<group>"; };
		3EA72B641E61D64600202268 /* CollectionPrettyCell.xib */ = {isa = PBXFileReference; fileEncoding = 4; lastKnownFileType = file.xib; path = CollectionPrettyCell.xib; sourceTree = "<group>"; };
		3EA72B661E62A30100202268 /* NetworkTools.swift */ = {isa = PBXFileReference; fileEncoding = 4; lastKnownFileType = sourcecode.swift; name = NetworkTools.swift; path = Extensions/NetworkTools.swift; sourceTree = "<group>"; };
		3EA72B681E656CAB00202268 /* AnchorGroup.swift */ = {isa = PBXFileReference; fileEncoding = 4; lastKnownFileType = sourcecode.swift; path = AnchorGroup.swift; sourceTree = "<group>"; };
		3EA72B6A1E656EED00202268 /* AnchorModel.swift */ = {isa = PBXFileReference; fileEncoding = 4; lastKnownFileType = sourcecode.swift; path = AnchorModel.swift; sourceTree = "<group>"; };
		3EF04C631E5CABFE00150329 /* DYZB.app */ = {isa = PBXFileReference; explicitFileType = wrapper.application; includeInIndex = 0; path = DYZB.app; sourceTree = BUILT_PRODUCTS_DIR; };
		3EF04C661E5CABFE00150329 /* AppDelegate.swift */ = {isa = PBXFileReference; lastKnownFileType = sourcecode.swift; path = AppDelegate.swift; sourceTree = "<group>"; };
		3EF04C6B1E5CABFE00150329 /* Base */ = {isa = PBXFileReference; lastKnownFileType = file.storyboard; name = Base; path = Base.lproj/Main.storyboard; sourceTree = "<group>"; };
		3EF04C6D1E5CABFE00150329 /* Assets.xcassets */ = {isa = PBXFileReference; lastKnownFileType = folder.assetcatalog; path = Assets.xcassets; sourceTree = "<group>"; };
		3EF04C701E5CABFE00150329 /* Base */ = {isa = PBXFileReference; lastKnownFileType = file.storyboard; name = Base; path = Base.lproj/LaunchScreen.storyboard; sourceTree = "<group>"; };
		3EF04C721E5CABFE00150329 /* Info.plist */ = {isa = PBXFileReference; lastKnownFileType = text.plist.xml; path = Info.plist; sourceTree = "<group>"; };
		A02A179B84415387C984CAC7 /* Pods_DYZB.framework */ = {isa = PBXFileReference; explicitFileType = wrapper.framework; includeInIndex = 0; path = Pods_DYZB.framework; sourceTree = BUILT_PRODUCTS_DIR; };
		E3BF6B0351CCFD1ECC974BDA /* Pods-DYZB.release.xcconfig */ = {isa = PBXFileReference; includeInIndex = 1; lastKnownFileType = text.xcconfig; name = "Pods-DYZB.release.xcconfig"; path = "Pods/Target Support Files/Pods-DYZB/Pods-DYZB.release.xcconfig"; sourceTree = "<group>"; };
/* End PBXFileReference section */

/* Begin PBXFrameworksBuildPhase section */
		3EF04C601E5CABFD00150329 /* Frameworks */ = {
			isa = PBXFrameworksBuildPhase;
			buildActionMask = 2147483647;
			files = (
				D58231CADC53D8F92CAA1FC9 /* Pods_DYZB.framework in Frameworks */,
			);
			runOnlyForDeploymentPostprocessing = 0;
		};
/* End PBXFrameworksBuildPhase section */

/* Begin PBXGroup section */
		3EA72B261E5CD3C600202268 /* Classes */ = {
			isa = PBXGroup;
			children = (
				3EA72B331E5CD3C600202268 /* Main */,
				3EA72B2B1E5CD3C600202268 /* Home */,
				3EA72B2F1E5CD3C600202268 /* Live */,
				3EA72B271E5CD3C600202268 /* Follow */,
				3EA72B371E5CD3C600202268 /* Profile */,
				3EA72B3B1E5CD3C600202268 /* Tools */,
			);
			path = Classes;
			sourceTree = "<group>";
		};
		3EA72B271E5CD3C600202268 /* Follow */ = {
			isa = PBXGroup;
			children = (
				3EA72B291E5CD3C600202268 /* Model */,
				3EA72B2A1E5CD3C600202268 /* View */,
				3EA72B281E5CD3C600202268 /* Controller */,
			);
			path = Follow;
			sourceTree = "<group>";
		};
		3EA72B281E5CD3C600202268 /* Controller */ = {
			isa = PBXGroup;
			children = (
				3EA72B431E5CDEEC00202268 /* Follow.storyboard */,
			);
			path = Controller;
			sourceTree = "<group>";
		};
		3EA72B291E5CD3C600202268 /* Model */ = {
			isa = PBXGroup;
			children = (
			);
			path = Model;
			sourceTree = "<group>";
		};
		3EA72B2A1E5CD3C600202268 /* View */ = {
			isa = PBXGroup;
			children = (
			);
			path = View;
			sourceTree = "<group>";
		};
		3EA72B2B1E5CD3C600202268 /* Home */ = {
			isa = PBXGroup;
			children = (
				3EA72B2D1E5CD3C600202268 /* Model */,
				3EA72B2E1E5CD3C600202268 /* View */,
				3EA72B2C1E5CD3C600202268 /* Controller */,
			);
			path = Home;
			sourceTree = "<group>";
		};
		3EA72B2C1E5CD3C600202268 /* Controller */ = {
			isa = PBXGroup;
			children = (
				3EA72B3F1E5CDC9A00202268 /* Home.storyboard */,
				3EA72B491E5DA1AC00202268 /* HomeViewController.swift */,
				3EA72B561E606DC600202268 /* RecommendViewController.swift */,
			);
			path = Controller;
			sourceTree = "<group>";
		};
		3EA72B2D1E5CD3C600202268 /* Model */ = {
			isa = PBXGroup;
			children = (
			);
			path = Model;
			sourceTree = "<group>";
		};
		3EA72B2E1E5CD3C600202268 /* View */ = {
			isa = PBXGroup;
			children = (
				3EA72B5C1E61A13000202268 /* CollectionHeaderView.swift */,
				3E8168CC1E67241300FA5D9C /* CollectionHeaderView.xib */,
			);
			path = View;
			sourceTree = "<group>";
		};
		3EA72B2F1E5CD3C600202268 /* Live */ = {
			isa = PBXGroup;
			children = (
				3EA72B311E5CD3C600202268 /* Model */,
				3EA72B321E5CD3C600202268 /* View */,
				3EA72B301E5CD3C600202268 /* Controller */,
			);
			path = Live;
			sourceTree = "<group>";
		};
		3EA72B301E5CD3C600202268 /* Controller */ = {
			isa = PBXGroup;
			children = (
				3EA72B411E5CDE3C00202268 /* Live.storyboard */,
			);
			path = Controller;
			sourceTree = "<group>";
		};
		3EA72B311E5CD3C600202268 /* Model */ = {
			isa = PBXGroup;
			children = (
			);
			path = Model;
			sourceTree = "<group>";
		};
		3EA72B321E5CD3C600202268 /* View */ = {
			isa = PBXGroup;
			children = (
			);
			path = View;
			sourceTree = "<group>";
		};
		3EA72B331E5CD3C600202268 /* Main */ = {
			isa = PBXGroup;
			children = (
				3EA72B351E5CD3C600202268 /* Model */,
				3EA72B361E5CD3C600202268 /* View */,
				3EA72B341E5CD3C600202268 /* Controller */,
			);
			path = Main;
			sourceTree = "<group>";
		};
		3EA72B341E5CD3C600202268 /* Controller */ = {
			isa = PBXGroup;
			children = (
				3EF04C6A1E5CABFE00150329 /* Main.storyboard */,
				3EA72B471E5CDF7E00202268 /* MainViewController.swift */,
			);
			path = Controller;
			sourceTree = "<group>";
		};
		3EA72B351E5CD3C600202268 /* Model */ = {
			isa = PBXGroup;
			children = (
				3EA72B681E656CAB00202268 /* AnchorGroup.swift */,
				3EA72B6A1E656EED00202268 /* AnchorModel.swift */,
			);
			path = Model;
			sourceTree = "<group>";
		};
		3EA72B361E5CD3C600202268 /* View */ = {
			isa = PBXGroup;
			children = (
				3EA72B4E1E5DF42A00202268 /* PageTitleView.swift */,
				3EA72B541E5EE0E700202268 /* PageContentView.swift */,
				3EA72B5E1E61CB8800202268 /* CollectionNormalCell.swift */,
				3EA72B5F1E61CB8800202268 /* CollectionNormalCell.xib */,
				3EA72B621E61D63C00202268 /* CollectionPrettyCell.swift */,
				3EA72B641E61D64600202268 /* CollectionPrettyCell.xib */,
			);
			path = View;
			sourceTree = "<group>";
		};
		3EA72B371E5CD3C600202268 /* Profile */ = {
			isa = PBXGroup;
			children = (
				3EA72B391E5CD3C600202268 /* Model */,
				3EA72B3A1E5CD3C600202268 /* View */,
				3EA72B381E5CD3C600202268 /* Controller */,
			);
			path = Profile;
			sourceTree = "<group>";
		};
		3EA72B381E5CD3C600202268 /* Controller */ = {
			isa = PBXGroup;
			children = (
				3EA72B451E5CDF1000202268 /* Profile.storyboard */,
			);
			path = Controller;
			sourceTree = "<group>";
		};
		3EA72B391E5CD3C600202268 /* Model */ = {
			isa = PBXGroup;
			children = (
			);
			path = Model;
			sourceTree = "<group>";
		};
		3EA72B3A1E5CD3C600202268 /* View */ = {
			isa = PBXGroup;
			children = (
			);
			path = View;
			sourceTree = "<group>";
		};
		3EA72B3B1E5CD3C600202268 /* Tools */ = {
			isa = PBXGroup;
			children = (
				3EA72B4B1E5DA43300202268 /* Extensions */,
				3EA72B521E5E7F5900202268 /* Common.swift */,
				3EA72B661E62A30100202268 /* NetworkTools.swift */,
				3EA72B3D1E5CD3C600202268 /* Model */,
				3EA72B3E1E5CD3C600202268 /* View */,
				3EA72B3C1E5CD3C600202268 /* Controller */,
			);
			path = Tools;
			sourceTree = "<group>";
		};
		3EA72B3C1E5CD3C600202268 /* Controller */ = {
			isa = PBXGroup;
			children = (
			);
			path = Controller;
			sourceTree = "<group>";
		};
		3EA72B3D1E5CD3C600202268 /* Model */ = {
			isa = PBXGroup;
			children = (
			);
			path = Model;
			sourceTree = "<group>";
		};
		3EA72B3E1E5CD3C600202268 /* View */ = {
			isa = PBXGroup;
			children = (
			);
			path = View;
			sourceTree = "<group>";
		};
		3EA72B4B1E5DA43300202268 /* Extensions */ = {
			isa = PBXGroup;
			children = (
				3EA72B4C1E5DA49D00202268 /* UIBarButtonItem-extension.swift */,
				3EA72B501E5E740900202268 /* UIColor-extension.swift */,
			);
			path = Extensions;
			sourceTree = "<group>";
		};
		3EF04C5A1E5CABFD00150329 = {
			isa = PBXGroup;
			children = (
				3EF04C651E5CABFE00150329 /* DYZB */,
				3EF04C641E5CABFE00150329 /* Products */,
				ED2358F4995712417628125E /* Pods */,
				82674E629993CE3D8802028B /* Frameworks */,
			);
			sourceTree = "<group>";
		};
		3EF04C641E5CABFE00150329 /* Products */ = {
			isa = PBXGroup;
			children = (
				3EF04C631E5CABFE00150329 /* DYZB.app */,
			);
			name = Products;
			sourceTree = "<group>";
		};
		3EF04C651E5CABFE00150329 /* DYZB */ = {
			isa = PBXGroup;
			children = (
				3EA72B261E5CD3C600202268 /* Classes */,
				3EF04C661E5CABFE00150329 /* AppDelegate.swift */,
				3EF04C6D1E5CABFE00150329 /* Assets.xcassets */,
				3EF04C6F1E5CABFE00150329 /* LaunchScreen.storyboard */,
				3EF04C721E5CABFE00150329 /* Info.plist */,
			);
			path = DYZB;
			sourceTree = "<group>";
		};
		82674E629993CE3D8802028B /* Frameworks */ = {
			isa = PBXGroup;
			children = (
				A02A179B84415387C984CAC7 /* Pods_DYZB.framework */,
			);
			name = Frameworks;
			sourceTree = "<group>";
		};
		ED2358F4995712417628125E /* Pods */ = {
			isa = PBXGroup;
			children = (
				15F8927EF68F6330F023E365 /* Pods-DYZB.debug.xcconfig */,
				E3BF6B0351CCFD1ECC974BDA /* Pods-DYZB.release.xcconfig */,
			);
			name = Pods;
			sourceTree = "<group>";
		};
/* End PBXGroup section */

/* Begin PBXNativeTarget section */
		3EF04C621E5CABFD00150329 /* DYZB */ = {
			isa = PBXNativeTarget;
			buildConfigurationList = 3EF04C751E5CABFE00150329 /* Build configuration list for PBXNativeTarget "DYZB" */;
			buildPhases = (
				759BB20ED5438C55056E3070 /* [CP] Check Pods Manifest.lock */,
				3EF04C5F1E5CABFD00150329 /* Sources */,
				3EF04C601E5CABFD00150329 /* Frameworks */,
				3EF04C611E5CABFD00150329 /* Resources */,
				04FDEA571C523EF0AB1890A7 /* [CP] Embed Pods Frameworks */,
				C00434050511EA0BE22A5FAE /* [CP] Copy Pods Resources */,
			);
			buildRules = (
			);
			dependencies = (
			);
			name = DYZB;
			productName = DYZB;
			productReference = 3EF04C631E5CABFE00150329 /* DYZB.app */;
			productType = "com.apple.product-type.application";
		};
/* End PBXNativeTarget section */

/* Begin PBXProject section */
		3EF04C5B1E5CABFD00150329 /* Project object */ = {
			isa = PBXProject;
			attributes = {
				LastSwiftUpdateCheck = 0730;
				LastUpgradeCheck = 0730;
				ORGANIZATIONNAME = shizhi;
				TargetAttributes = {
					3EF04C621E5CABFD00150329 = {
						CreatedOnToolsVersion = 7.3;
					};
				};
			};
			buildConfigurationList = 3EF04C5E1E5CABFD00150329 /* Build configuration list for PBXProject "DYZB" */;
			compatibilityVersion = "Xcode 3.2";
			developmentRegion = English;
			hasScannedForEncodings = 0;
			knownRegions = (
				en,
				Base,
			);
			mainGroup = 3EF04C5A1E5CABFD00150329;
			productRefGroup = 3EF04C641E5CABFE00150329 /* Products */;
			projectDirPath = "";
			projectRoot = "";
			targets = (
				3EF04C621E5CABFD00150329 /* DYZB */,
			);
		};
/* End PBXProject section */

/* Begin PBXResourcesBuildPhase section */
		3EF04C611E5CABFD00150329 /* Resources */ = {
			isa = PBXResourcesBuildPhase;
			buildActionMask = 2147483647;
			files = (
				3EF04C711E5CABFE00150329 /* LaunchScreen.storyboard in Resources */,
				3EA72B611E61CB8800202268 /* CollectionNormalCell.xib in Resources */,
				3EF04C6E1E5CABFE00150329 /* Assets.xcassets in Resources */,
				3E8168CD1E67241300FA5D9C /* CollectionHeaderView.xib in Resources */,
				3EA72B401E5CDC9A00202268 /* Home.storyboard in Resources */,
				3EA72B421E5CDE3C00202268 /* Live.storyboard in Resources */,
				3EF04C6C1E5CABFE00150329 /* Main.storyboard in Resources */,
				3EA72B651E61D64600202268 /* CollectionPrettyCell.xib in Resources */,
				3EA72B461E5CDF1000202268 /* Profile.storyboard in Resources */,
				3EA72B441E5CDEEC00202268 /* Follow.storyboard in Resources */,
			);
			runOnlyForDeploymentPostprocessing = 0;
		};
/* End PBXResourcesBuildPhase section */

/* Begin PBXShellScriptBuildPhase section */
		04FDEA571C523EF0AB1890A7 /* [CP] Embed Pods Frameworks */ = {
			isa = PBXShellScriptBuildPhase;
			buildActionMask = 2147483647;
			files = (
			);
			inputPaths = (
			);
			name = "[CP] Embed Pods Frameworks";
			outputPaths = (
			);
			runOnlyForDeploymentPostprocessing = 0;
			shellPath = /bin/sh;
			shellScript = "\"${SRCROOT}/Pods/Target Support Files/Pods-DYZB/Pods-DYZB-frameworks.sh\"\n";
			showEnvVarsInLog = 0;
		};
		759BB20ED5438C55056E3070 /* [CP] Check Pods Manifest.lock */ = {
			isa = PBXShellScriptBuildPhase;
			buildActionMask = 2147483647;
			files = (
			);
			inputPaths = (
			);
			name = "[CP] Check Pods Manifest.lock";
			outputPaths = (
			);
			runOnlyForDeploymentPostprocessing = 0;
			shellPath = /bin/sh;
			shellScript = "diff \"${PODS_ROOT}/../Podfile.lock\" \"${PODS_ROOT}/Manifest.lock\" > /dev/null\nif [[ $? != 0 ]] ; then\n    cat << EOM\nerror: The sandbox is not in sync with the Podfile.lock. Run 'pod install' or update your CocoaPods installation.\nEOM\n    exit 1\nfi\n";
			showEnvVarsInLog = 0;
		};
		C00434050511EA0BE22A5FAE /* [CP] Copy Pods Resources */ = {
			isa = PBXShellScriptBuildPhase;
			buildActionMask = 2147483647;
			files = (
			);
			inputPaths = (
			);
			name = "[CP] Copy Pods Resources";
			outputPaths = (
			);
			runOnlyForDeploymentPostprocessing = 0;
			shellPath = /bin/sh;
			shellScript = "\"${SRCROOT}/Pods/Target Support Files/Pods-DYZB/Pods-DYZB-resources.sh\"\n";
			showEnvVarsInLog = 0;
		};
/* End PBXShellScriptBuildPhase section */

/* Begin PBXSourcesBuildPhase section */
		3EF04C5F1E5CABFD00150329 /* Sources */ = {
			isa = PBXSourcesBuildPhase;
			buildActionMask = 2147483647;
			files = (
				3EF04C671E5CABFE00150329 /* AppDelegate.swift in Sources */,
				3EA72B6B1E656EED00202268 /* AnchorModel.swift in Sources */,
				3EA72B5D1E61A13000202268 /* CollectionHeaderView.swift in Sources */,
				3EA72B511E5E740900202268 /* UIColor-extension.swift in Sources */,
				3EA72B571E606DC600202268 /* RecommendViewController.swift in Sources */,
				3EA72B481E5CDF7E00202268 /* MainViewController.swift in Sources */,
				3EA72B551E5EE0E700202268 /* PageContentView.swift in Sources */,
				3EA72B4F1E5DF42A00202268 /* PageTitleView.swift in Sources */,
				3EA72B4D1E5DA49D00202268 /* UIBarButtonItem-extension.swift in Sources */,
				3EA72B4A1E5DA1AC00202268 /* HomeViewController.swift in Sources */,
				3EA72B631E61D63C00202268 /* CollectionPrettyCell.swift in Sources */,
				3EA72B691E656CAB00202268 /* AnchorGroup.swift in Sources */,
				3EA72B601E61CB8800202268 /* CollectionNormalCell.swift in Sources */,
				3EA72B671E62A30100202268 /* NetworkTools.swift in Sources */,
				3EA72B531E5E7F5900202268 /* Common.swift in Sources */,
			);
			runOnlyForDeploymentPostprocessing = 0;
		};
/* End PBXSourcesBuildPhase section */

/* Begin PBXVariantGroup section */
		3EF04C6A1E5CABFE00150329 /* Main.storyboard */ = {
			isa = PBXVariantGroup;
			children = (
				3EF04C6B1E5CABFE00150329 /* Base */,
			);
			name = Main.storyboard;
			path = ../../..;
			sourceTree = "<group>";
		};
		3EF04C6F1E5CABFE00150329 /* LaunchScreen.storyboard */ = {
			isa = PBXVariantGroup;
			children = (
				3EF04C701E5CABFE00150329 /* Base */,
			);
			name = LaunchScreen.storyboard;
			sourceTree = "<group>";
		};
/* End PBXVariantGroup section */

/* Begin XCBuildConfiguration section */
		3EF04C731E5CABFE00150329 /* Debug */ = {
			isa = XCBuildConfiguration;
			buildSettings = {
				ALWAYS_SEARCH_USER_PATHS = NO;
				CLANG_ANALYZER_NONNULL = YES;
				CLANG_CXX_LANGUAGE_STANDARD = "gnu++0x";
				CLANG_CXX_LIBRARY = "libc++";
				CLANG_ENABLE_MODULES = YES;
				CLANG_ENABLE_OBJC_ARC = YES;
				CLANG_WARN_BOOL_CONVERSION = YES;
				CLANG_WARN_CONSTANT_CONVERSION = YES;
				CLANG_WARN_DIRECT_OBJC_ISA_USAGE = YES_ERROR;
				CLANG_WARN_EMPTY_BODY = YES;
				CLANG_WARN_ENUM_CONVERSION = YES;
				CLANG_WARN_INT_CONVERSION = YES;
				CLANG_WARN_OBJC_ROOT_CLASS = YES_ERROR;
				CLANG_WARN_UNREACHABLE_CODE = YES;
				CLANG_WARN__DUPLICATE_METHOD_MATCH = YES;
				"CODE_SIGN_IDENTITY[sdk=iphoneos*]" = "iPhone Developer";
				COPY_PHASE_STRIP = NO;
				DEBUG_INFORMATION_FORMAT = dwarf;
				ENABLE_STRICT_OBJC_MSGSEND = YES;
				ENABLE_TESTABILITY = YES;
				GCC_C_LANGUAGE_STANDARD = gnu99;
				GCC_DYNAMIC_NO_PIC = NO;
				GCC_NO_COMMON_BLOCKS = YES;
				GCC_OPTIMIZATION_LEVEL = 0;
				GCC_PREPROCESSOR_DEFINITIONS = (
					"DEBUG=1",
					"$(inherited)",
				);
				GCC_WARN_64_TO_32_BIT_CONVERSION = YES;
				GCC_WARN_ABOUT_RETURN_TYPE = YES_ERROR;
				GCC_WARN_UNDECLARED_SELECTOR = YES;
				GCC_WARN_UNINITIALIZED_AUTOS = YES_AGGRESSIVE;
				GCC_WARN_UNUSED_FUNCTION = YES;
				GCC_WARN_UNUSED_VARIABLE = YES;
				IPHONEOS_DEPLOYMENT_TARGET = 9.3;
				MTL_ENABLE_DEBUG_INFO = YES;
				ONLY_ACTIVE_ARCH = YES;
				SDKROOT = iphoneos;
				SWIFT_OPTIMIZATION_LEVEL = "-Onone";
			};
			name = Debug;
		};
		3EF04C741E5CABFE00150329 /* Release */ = {
			isa = XCBuildConfiguration;
			buildSettings = {
				ALWAYS_SEARCH_USER_PATHS = NO;
				CLANG_ANALYZER_NONNULL = YES;
				CLANG_CXX_LANGUAGE_STANDARD = "gnu++0x";
				CLANG_CXX_LIBRARY = "libc++";
				CLANG_ENABLE_MODULES = YES;
				CLANG_ENABLE_OBJC_ARC = YES;
				CLANG_WARN_BOOL_CONVERSION = YES;
				CLANG_WARN_CONSTANT_CONVERSION = YES;
				CLANG_WARN_DIRECT_OBJC_ISA_USAGE = YES_ERROR;
				CLANG_WARN_EMPTY_BODY = YES;
				CLANG_WARN_ENUM_CONVERSION = YES;
				CLANG_WARN_INT_CONVERSION = YES;
				CLANG_WARN_OBJC_ROOT_CLASS = YES_ERROR;
				CLANG_WARN_UNREACHABLE_CODE = YES;
				CLANG_WARN__DUPLICATE_METHOD_MATCH = YES;
				"CODE_SIGN_IDENTITY[sdk=iphoneos*]" = "iPhone Developer";
				COPY_PHASE_STRIP = NO;
				DEBUG_INFORMATION_FORMAT = "dwarf-with-dsym";
				ENABLE_NS_ASSERTIONS = NO;
				ENABLE_STRICT_OBJC_MSGSEND = YES;
				GCC_C_LANGUAGE_STANDARD = gnu99;
				GCC_NO_COMMON_BLOCKS = YES;
				GCC_WARN_64_TO_32_BIT_CONVERSION = YES;
				GCC_WARN_ABOUT_RETURN_TYPE = YES_ERROR;
				GCC_WARN_UNDECLARED_SELECTOR = YES;
				GCC_WARN_UNINITIALIZED_AUTOS = YES_AGGRESSIVE;
				GCC_WARN_UNUSED_FUNCTION = YES;
				GCC_WARN_UNUSED_VARIABLE = YES;
				IPHONEOS_DEPLOYMENT_TARGET = 9.3;
				MTL_ENABLE_DEBUG_INFO = NO;
				SDKROOT = iphoneos;
				VALIDATE_PRODUCT = YES;
			};
			name = Release;
		};
		3EF04C761E5CABFE00150329 /* Debug */ = {
			isa = XCBuildConfiguration;
			baseConfigurationReference = 15F8927EF68F6330F023E365 /* Pods-DYZB.debug.xcconfig */;
			buildSettings = {
				ASSETCATALOG_COMPILER_APPICON_NAME = AppIcon;
				ASSETCATALOG_COMPILER_LAUNCHIMAGE_NAME = "Brand Assets";
				INFOPLIST_FILE = DYZB/Info.plist;
				IPHONEOS_DEPLOYMENT_TARGET = 8.0;
				LD_RUNPATH_SEARCH_PATHS = "$(inherited) @executable_path/Frameworks";
				PRODUCT_BUNDLE_IDENTIFIER = com.shizhi.DYZB;
				PRODUCT_NAME = "$(TARGET_NAME)";
			};
			name = Debug;
		};
		3EF04C771E5CABFE00150329 /* Release */ = {
			isa = XCBuildConfiguration;
			baseConfigurationReference = E3BF6B0351CCFD1ECC974BDA /* Pods-DYZB.release.xcconfig */;
			buildSettings = {
				ASSETCATALOG_COMPILER_APPICON_NAME = AppIcon;
				ASSETCATALOG_COMPILER_LAUNCHIMAGE_NAME = "Brand Assets";
				INFOPLIST_FILE = DYZB/Info.plist;
				IPHONEOS_DEPLOYMENT_TARGET = 8.0;
				LD_RUNPATH_SEARCH_PATHS = "$(inherited) @executable_path/Frameworks";
				PRODUCT_BUNDLE_IDENTIFIER = com.shizhi.DYZB;
				PRODUCT_NAME = "$(TARGET_NAME)";
			};
			name = Release;
		};
/* End XCBuildConfiguration section */

/* Begin XCConfigurationList section */
		3EF04C5E1E5CABFD00150329 /* Build configuration list for PBXProject "DYZB" */ = {
			isa = XCConfigurationList;
			buildConfigurations = (
				3EF04C731E5CABFE00150329 /* Debug */,
				3EF04C741E5CABFE00150329 /* Release */,
			);
			defaultConfigurationIsVisible = 0;
			defaultConfigurationName = Release;
		};
		3EF04C751E5CABFE00150329 /* Build configuration list for PBXNativeTarget "DYZB" */ = {
			isa = XCConfigurationList;
			buildConfigurations = (
				3EF04C761E5CABFE00150329 /* Debug */,
				3EF04C771E5CABFE00150329 /* Release */,
			);
			defaultConfigurationIsVisible = 0;
			defaultConfigurationName = Release;
		};
/* End XCConfigurationList section */
	};
	rootObject = 3EF04C5B1E5CABFD00150329 /* Project object */;
}
